
Microsoft Visual Studio Solution File, Format Version 12.00
# Visual Studio Version 17
VisualStudioVersion = 17.1.32328.378
MinimumVisualStudioVersion = 10.0.40219.1
Project("{FAE04EC0-301F-11D3-BF4B-00C04F79EFBC}") = "ConsoleAppDiff", "ConsoleAppDiff\ConsoleAppDiff.csproj", "{FA6ECD5A-4128-455D-8DC5-ECF26A83AAF7}"
EndProject
Global
	GlobalSection(SolutionConfigurationPlatforms) = preSolution
		Debug|Any CPU = Debug|Any CPU
		Release|Any CPU = Release|Any CPU
	EndGlobalSection
	GlobalSection(ProjectConfigurationPlatforms) = postSolution
		{FA6ECD5A-4128-455D-8DC5-ECF26A83AAF7}.Debug|Any CPU.ActiveCfg = Debug|Any CPU
		{FA6ECD5A-4128-455D-8DC5-ECF26A83AAF7}.Debug|Any CPU.Build.0 = Debug|Any CPU
		{FA6ECD5A-4128-455D-8DC5-ECF26A83AAF7}.Release|Any CPU.ActiveCfg = Release|Any CPU
		{FA6ECD5A-4128-455D-8DC5-ECF26A83AAF7}.Release|Any CPU.Build.0 = Release|Any CPU
	EndGlobalSection
	GlobalSection(SolutionProperties) = preSolution
		HideSolutionNode = FALSE
	EndGlobalSection
	GlobalSection(ExtensibilityGlobals) = postSolution
		SolutionGuid = {E402A0A3-C598-481B-8991-408021C88DD9}
	EndGlobalSection
EndGlobal
